// !$*UTF8*$!
{
	archiveVersion = 1;
	classes = {
	};
	objectVersion = 50;
	objects = {

/* Begin PBXBuildFile section */
		4D0478122095023800E89744 /* AppDelegate.swift in Sources */ = {isa = PBXBuildFile; fileRef = 4D0478112095023800E89744 /* AppDelegate.swift */; };
		4D0478172095023800E89744 /* Main.storyboard in Resources */ = {isa = PBXBuildFile; fileRef = 4D0478152095023800E89744 /* Main.storyboard */; };
		4D0478192095023900E89744 /* Assets.xcassets in Resources */ = {isa = PBXBuildFile; fileRef = 4D0478182095023900E89744 /* Assets.xcassets */; };
		4D04781C2095023900E89744 /* LaunchScreen.storyboard in Resources */ = {isa = PBXBuildFile; fileRef = 4D04781A2095023900E89744 /* LaunchScreen.storyboard */; };
		4D04782B209630F600E89744 /* PhotoModel.swift in Sources */ = {isa = PBXBuildFile; fileRef = 4D04782A209630F600E89744 /* PhotoModel.swift */; };
		4D04782F209632E500E89744 /* PhotoManager.swift in Sources */ = {isa = PBXBuildFile; fileRef = 4D04782E209632E500E89744 /* PhotoManager.swift */; };
		4D0478332096434100E89744 /* ViewController.swift in Sources */ = {isa = PBXBuildFile; fileRef = 4D0478322096434100E89744 /* ViewController.swift */; };
		4D0478352096452A00E89744 /* CollectionViewCell.swift in Sources */ = {isa = PBXBuildFile; fileRef = 4D0478342096452A00E89744 /* CollectionViewCell.swift */; };
		4D047837209656E400E89744 /* DetailViewController.swift in Sources */ = {isa = PBXBuildFile; fileRef = 4D047836209656E400E89744 /* DetailViewController.swift */; };
		4D04783A2096620500E89744 /* CollectionViewLayout.swift in Sources */ = {isa = PBXBuildFile; fileRef = 4D0478392096620500E89744 /* CollectionViewLayout.swift */; };
		4D04785F2096963500E89744 /* PhotoBrowserCell.swift in Sources */ = {isa = PBXBuildFile; fileRef = 4D04785E2096963500E89744 /* PhotoBrowserCell.swift */; };
		E6B6464BA13FC6460A127D1D /* Pods_CodeChallenge.framework in Frameworks */ = {isa = PBXBuildFile; fileRef = C49D6E1B347494F1647422E0 /* Pods_CodeChallenge.framework */; };
/* End PBXBuildFile section */

/* Begin PBXFileReference section */
		0D6895F4C38E2A423F31ABC5 /* Pods-CodeChallenge.debug.xcconfig */ = {isa = PBXFileReference; includeInIndex = 1; lastKnownFileType = text.xcconfig; name = "Pods-CodeChallenge.debug.xcconfig"; path = "Pods/Target Support Files/Pods-CodeChallenge/Pods-CodeChallenge.debug.xcconfig"; sourceTree = "<group>"; };
		4D04780E2095023800E89744 /* CodeChallenge.app */ = {isa = PBXFileReference; explicitFileType = wrapper.application; includeInIndex = 0; path = CodeChallenge.app; sourceTree = BUILT_PRODUCTS_DIR; };
		4D0478112095023800E89744 /* AppDelegate.swift */ = {isa = PBXFileReference; lastKnownFileType = sourcecode.swift; path = AppDelegate.swift; sourceTree = "<group>"; };
		4D0478162095023800E89744 /* Base */ = {isa = PBXFileReference; lastKnownFileType = file.storyboard; name = Base; path = Base.lproj/Main.storyboard; sourceTree = "<group>"; };
		4D0478182095023900E89744 /* Assets.xcassets */ = {isa = PBXFileReference; lastKnownFileType = folder.assetcatalog; path = Assets.xcassets; sourceTree = "<group>"; };
		4D04781B2095023900E89744 /* Base */ = {isa = PBXFileReference; lastKnownFileType = file.storyboard; name = Base; path = Base.lproj/LaunchScreen.storyboard; sourceTree = "<group>"; };
		4D04781D2095023900E89744 /* Info.plist */ = {isa = PBXFileReference; lastKnownFileType = text.plist.xml; path = Info.plist; sourceTree = "<group>"; };
		4D04782A209630F600E89744 /* PhotoModel.swift */ = {isa = PBXFileReference; lastKnownFileType = sourcecode.swift; path = PhotoModel.swift; sourceTree = "<group>"; };
		4D04782E209632E500E89744 /* PhotoManager.swift */ = {isa = PBXFileReference; lastKnownFileType = sourcecode.swift; path = PhotoManager.swift; sourceTree = "<group>"; };
		4D0478322096434100E89744 /* ViewController.swift */ = {isa = PBXFileReference; lastKnownFileType = sourcecode.swift; path = ViewController.swift; sourceTree = "<group>"; };
		4D0478342096452A00E89744 /* CollectionViewCell.swift */ = {isa = PBXFileReference; lastKnownFileType = sourcecode.swift; path = CollectionViewCell.swift; sourceTree = "<group>"; };
		4D047836209656E400E89744 /* DetailViewController.swift */ = {isa = PBXFileReference; lastKnownFileType = sourcecode.swift; path = DetailViewController.swift; sourceTree = "<group>"; };
		4D0478392096620500E89744 /* CollectionViewLayout.swift */ = {isa = PBXFileReference; lastKnownFileType = sourcecode.swift; path = CollectionViewLayout.swift; sourceTree = "<group>"; };
		4D04785E2096963500E89744 /* PhotoBrowserCell.swift */ = {isa = PBXFileReference; lastKnownFileType = sourcecode.swift; path = PhotoBrowserCell.swift; sourceTree = "<group>"; };
		C276AF2C2C4071046B75BFDC /* Pods-CodeChallenge.release.xcconfig */ = {isa = PBXFileReference; includeInIndex = 1; lastKnownFileType = text.xcconfig; name = "Pods-CodeChallenge.release.xcconfig"; path = "Pods/Target Support Files/Pods-CodeChallenge/Pods-CodeChallenge.release.xcconfig"; sourceTree = "<group>"; };
		C49D6E1B347494F1647422E0 /* Pods_CodeChallenge.framework */ = {isa = PBXFileReference; explicitFileType = wrapper.framework; includeInIndex = 0; path = Pods_CodeChallenge.framework; sourceTree = BUILT_PRODUCTS_DIR; };
/* End PBXFileReference section */

/* Begin PBXFrameworksBuildPhase section */
		4D04780B2095023800E89744 /* Frameworks */ = {
			isa = PBXFrameworksBuildPhase;
			buildActionMask = 2147483647;
			files = (
				E6B6464BA13FC6460A127D1D /* Pods_CodeChallenge.framework in Frameworks */,
			);
			runOnlyForDeploymentPostprocessing = 0;
		};
/* End PBXFrameworksBuildPhase section */

/* Begin PBXGroup section */
		223EF6EF690BC955A084BE6E /* Frameworks */ = {
			isa = PBXGroup;
			children = (
				C49D6E1B347494F1647422E0 /* Pods_CodeChallenge.framework */,
			);
			name = Frameworks;
			sourceTree = "<group>";
		};
		4D0478052095023800E89744 = {
			isa = PBXGroup;
			children = (
				4D0478102095023800E89744 /* CodeChallenge */,
				4D04780F2095023800E89744 /* Products */,
				5D634270033081D137AC80F4 /* Pods */,
				223EF6EF690BC955A084BE6E /* Frameworks */,
			);
			sourceTree = "<group>";
		};
		4D04780F2095023800E89744 /* Products */ = {
			isa = PBXGroup;
			children = (
				4D04780E2095023800E89744 /* CodeChallenge.app */,
			);
			name = Products;
			sourceTree = "<group>";
		};
		4D0478102095023800E89744 /* CodeChallenge */ = {
			isa = PBXGroup;
			children = (
				4D04782D209632D700E89744 /* Client */,
				4D047828209630A600E89744 /* Storyboard */,
				4D0478272096309800E89744 /* Controller */,
				4D0478262096309300E89744 /* View */,
				4D047838209661DB00E89744 /* Layouts */,
				4D0478252096306600E89744 /* Model */,
				4D047829209630BE00E89744 /* Resources */,
				4D0478112095023800E89744 /* AppDelegate.swift */,
				4D04781D2095023900E89744 /* Info.plist */,
			);
			path = CodeChallenge;
			sourceTree = "<group>";
		};
		4D0478252096306600E89744 /* Model */ = {
			isa = PBXGroup;
			children = (
				4D04782A209630F600E89744 /* PhotoModel.swift */,
			);
			path = Model;
			sourceTree = "<group>";
		};
		4D0478262096309300E89744 /* View */ = {
			isa = PBXGroup;
			children = (
				4D0478342096452A00E89744 /* CollectionViewCell.swift */,
				4D04785E2096963500E89744 /* PhotoBrowserCell.swift */,
			);
			path = View;
			sourceTree = "<group>";
		};
		4D0478272096309800E89744 /* Controller */ = {
			isa = PBXGroup;
			children = (
				4D0478322096434100E89744 /* ViewController.swift */,
				4D047836209656E400E89744 /* DetailViewController.swift */,
			);
			path = Controller;
			sourceTree = "<group>";
		};
		4D047828209630A600E89744 /* Storyboard */ = {
			isa = PBXGroup;
			children = (
				4D0478152095023800E89744 /* Main.storyboard */,
				4D04781A2095023900E89744 /* LaunchScreen.storyboard */,
			);
			path = Storyboard;
			sourceTree = "<group>";
		};
		4D047829209630BE00E89744 /* Resources */ = {
			isa = PBXGroup;
			children = (
				4D0478182095023900E89744 /* Assets.xcassets */,
			);
			path = Resources;
			sourceTree = "<group>";
		};
		4D04782D209632D700E89744 /* Client */ = {
			isa = PBXGroup;
			children = (
				4D04782E209632E500E89744 /* PhotoManager.swift */,
			);
			path = Client;
			sourceTree = "<group>";
		};
		4D047838209661DB00E89744 /* Layouts */ = {
			isa = PBXGroup;
			children = (
				4D0478392096620500E89744 /* CollectionViewLayout.swift */,
			);
			path = Layouts;
			sourceTree = "<group>";
		};
		5D634270033081D137AC80F4 /* Pods */ = {
			isa = PBXGroup;
			children = (
				0D6895F4C38E2A423F31ABC5 /* Pods-CodeChallenge.debug.xcconfig */,
				C276AF2C2C4071046B75BFDC /* Pods-CodeChallenge.release.xcconfig */,
			);
			name = Pods;
			sourceTree = "<group>";
		};
/* End PBXGroup section */

/* Begin PBXNativeTarget section */
		4D04780D2095023800E89744 /* CodeChallenge */ = {
			isa = PBXNativeTarget;
			buildConfigurationList = 4D0478202095023900E89744 /* Build configuration list for PBXNativeTarget "CodeChallenge" */;
			buildPhases = (
				A25559686B1334E0DAD3CCA0 /* [CP] Check Pods Manifest.lock */,
				4D04780A2095023800E89744 /* Sources */,
				4D04780B2095023800E89744 /* Frameworks */,
				4D04780C2095023800E89744 /* Resources */,
				2669FF038B8E47E7941C9FD2 /* [CP] Embed Pods Frameworks */,
				966E7AA45C1A4007ECEA30FE /* [CP] Copy Pods Resources */,
			);
			buildRules = (
			);
			dependencies = (
			);
			name = CodeChallenge;
			productName = CodeChallenge;
			productReference = 4D04780E2095023800E89744 /* CodeChallenge.app */;
			productType = "com.apple.product-type.application";
		};
/* End PBXNativeTarget section */

/* Begin PBXProject section */
		4D0478062095023800E89744 /* Project object */ = {
			isa = PBXProject;
			attributes = {
				LastSwiftUpdateCheck = 0930;
				LastUpgradeCheck = 0930;
				ORGANIZATIONNAME = kemin;
				TargetAttributes = {
					4D04780D2095023800E89744 = {
						CreatedOnToolsVersion = 9.3;
					};
				};
			};
			buildConfigurationList = 4D0478092095023800E89744 /* Build configuration list for PBXProject "CodeChallenge" */;
			compatibilityVersion = "Xcode 9.3";
			developmentRegion = en;
			hasScannedForEncodings = 0;
			knownRegions = (
				en,
				Base,
			);
			mainGroup = 4D0478052095023800E89744;
			productRefGroup = 4D04780F2095023800E89744 /* Products */;
			projectDirPath = "";
			projectRoot = "";
			targets = (
				4D04780D2095023800E89744 /* CodeChallenge */,
			);
		};
/* End PBXProject section */

/* Begin PBXResourcesBuildPhase section */
		4D04780C2095023800E89744 /* Resources */ = {
			isa = PBXResourcesBuildPhase;
			buildActionMask = 2147483647;
			files = (
				4D04781C2095023900E89744 /* LaunchScreen.storyboard in Resources */,
				4D0478192095023900E89744 /* Assets.xcassets in Resources */,
				4D0478172095023800E89744 /* Main.storyboard in Resources */,
			);
			runOnlyForDeploymentPostprocessing = 0;
		};
/* End PBXResourcesBuildPhase section */

/* Begin PBXShellScriptBuildPhase section */
		2669FF038B8E47E7941C9FD2 /* [CP] Embed Pods Frameworks */ = {
			isa = PBXShellScriptBuildPhase;
			buildActionMask = 2147483647;
			files = (
			);
			inputPaths = (
				"${SRCROOT}/Pods/Target Support Files/Pods-CodeChallenge/Pods-CodeChallenge-frameworks.sh",
				"${BUILT_PRODUCTS_DIR}/Alamofire/Alamofire.framework",
				"${BUILT_PRODUCTS_DIR}/SDWebImage/SDWebImage.framework",
				"${BUILT_PRODUCTS_DIR}/SwiftyJSON/SwiftyJSON.framework",
			);
			name = "[CP] Embed Pods Frameworks";
			outputPaths = (
				"${TARGET_BUILD_DIR}/${FRAMEWORKS_FOLDER_PATH}/Alamofire.framework",
				"${TARGET_BUILD_DIR}/${FRAMEWORKS_FOLDER_PATH}/SDWebImage.framework",
				"${TARGET_BUILD_DIR}/${FRAMEWORKS_FOLDER_PATH}/SwiftyJSON.framework",
			);
			runOnlyForDeploymentPostprocessing = 0;
			shellPath = /bin/sh;
			shellScript = "\"${SRCROOT}/Pods/Target Support Files/Pods-CodeChallenge/Pods-CodeChallenge-frameworks.sh\"\n";
			showEnvVarsInLog = 0;
		};
		966E7AA45C1A4007ECEA30FE /* [CP] Copy Pods Resources */ = {
			isa = PBXShellScriptBuildPhase;
			buildActionMask = 2147483647;
			files = (
			);
			inputPaths = (
			);
			name = "[CP] Copy Pods Resources";
			outputPaths = (
			);
			runOnlyForDeploymentPostprocessing = 0;
			shellPath = /bin/sh;
			shellScript = "\"${SRCROOT}/Pods/Target Support Files/Pods-CodeChallenge/Pods-CodeChallenge-resources.sh\"\n";
			showEnvVarsInLog = 0;
		};
		A25559686B1334E0DAD3CCA0 /* [CP] Check Pods Manifest.lock */ = {
			isa = PBXShellScriptBuildPhase;
			buildActionMask = 2147483647;
			files = (
			);
			inputPaths = (
				"${PODS_PODFILE_DIR_PATH}/Podfile.lock",
				"${PODS_ROOT}/Manifest.lock",
			);
			name = "[CP] Check Pods Manifest.lock";
			outputPaths = (
				"$(DERIVED_FILE_DIR)/Pods-CodeChallenge-checkManifestLockResult.txt",
			);
			runOnlyForDeploymentPostprocessing = 0;
			shellPath = /bin/sh;
			shellScript = "diff \"${PODS_PODFILE_DIR_PATH}/Podfile.lock\" \"${PODS_ROOT}/Manifest.lock\" > /dev/null\nif [ $? != 0 ] ; then\n    # print error to STDERR\n    echo \"error: The sandbox is not in sync with the Podfile.lock. Run 'pod install' or update your CocoaPods installation.\" >&2\n    exit 1\nfi\n# This output is used by Xcode 'outputs' to avoid re-running this script phase.\necho \"SUCCESS\" > \"${SCRIPT_OUTPUT_FILE_0}\"\n";
			showEnvVarsInLog = 0;
		};
/* End PBXShellScriptBuildPhase section */

/* Begin PBXSourcesBuildPhase section */
		4D04780A2095023800E89744 /* Sources */ = {
			isa = PBXSourcesBuildPhase;
			buildActionMask = 2147483647;
			files = (
				4D0478352096452A00E89744 /* CollectionViewCell.swift in Sources */,
				4D0478332096434100E89744 /* ViewController.swift in Sources */,
				4D04782B209630F600E89744 /* PhotoModel.swift in Sources */,
				4D04783A2096620500E89744 /* CollectionViewLayout.swift in Sources */,
				4D047837209656E400E89744 /* DetailViewController.swift in Sources */,
				4D04782F209632E500E89744 /* PhotoManager.swift in Sources */,
				4D0478122095023800E89744 /* AppDelegate.swift in Sources */,
				4D04785F2096963500E89744 /* PhotoBrowserCell.swift in Sources */,
			);
			runOnlyForDeploymentPostprocessing = 0;
		};
/* End PBXSourcesBuildPhase section */

/* Begin PBXVariantGroup section */
		4D0478152095023800E89744 /* Main.storyboard */ = {
			isa = PBXVariantGroup;
			children = (
				4D0478162095023800E89744 /* Base */,
			);
			name = Main.storyboard;
			sourceTree = "<group>";
		};
		4D04781A2095023900E89744 /* LaunchScreen.storyboard */ = {
			isa = PBXVariantGroup;
			children = (
				4D04781B2095023900E89744 /* Base */,
			);
			name = LaunchScreen.storyboard;
			sourceTree = "<group>";
		};
/* End PBXVariantGroup section */

/* Begin XCBuildConfiguration section */
		4D04781E2095023900E89744 /* Debug */ = {
			isa = XCBuildConfiguration;
			buildSettings = {
				ALWAYS_SEARCH_USER_PATHS = NO;
				CLANG_ANALYZER_NONNULL = YES;
				CLANG_ANALYZER_NUMBER_OBJECT_CONVERSION = YES_AGGRESSIVE;
				CLANG_CXX_LANGUAGE_STANDARD = "gnu++14";
				CLANG_CXX_LIBRARY = "libc++";
				CLANG_ENABLE_MODULES = YES;
				CLANG_ENABLE_OBJC_ARC = YES;
				CLANG_ENABLE_OBJC_WEAK = YES;
				CLANG_WARN_BLOCK_CAPTURE_AUTORELEASING = YES;
				CLANG_WARN_BOOL_CONVERSION = YES;
				CLANG_WARN_COMMA = YES;
				CLANG_WARN_CONSTANT_CONVERSION = YES;
				CLANG_WARN_DEPRECATED_OBJC_IMPLEMENTATIONS = YES;
				CLANG_WARN_DIRECT_OBJC_ISA_USAGE = YES_ERROR;
				CLANG_WARN_DOCUMENTATION_COMMENTS = YES;
				CLANG_WARN_EMPTY_BODY = YES;
				CLANG_WARN_ENUM_CONVERSION = YES;
				CLANG_WARN_INFINITE_RECURSION = YES;
				CLANG_WARN_INT_CONVERSION = YES;
				CLANG_WARN_NON_LITERAL_NULL_CONVERSION = YES;
				CLANG_WARN_OBJC_IMPLICIT_RETAIN_SELF = YES;
				CLANG_WARN_OBJC_LITERAL_CONVERSION = YES;
				CLANG_WARN_OBJC_ROOT_CLASS = YES_ERROR;
				CLANG_WARN_RANGE_LOOP_ANALYSIS = YES;
				CLANG_WARN_STRICT_PROTOTYPES = YES;
				CLANG_WARN_SUSPICIOUS_MOVE = YES;
				CLANG_WARN_UNGUARDED_AVAILABILITY = YES_AGGRESSIVE;
				CLANG_WARN_UNREACHABLE_CODE = YES;
				CLANG_WARN__DUPLICATE_METHOD_MATCH = YES;
				CODE_SIGN_IDENTITY = "iPhone Developer";
				COPY_PHASE_STRIP = NO;
				DEBUG_INFORMATION_FORMAT = dwarf;
				ENABLE_STRICT_OBJC_MSGSEND = YES;
				ENABLE_TESTABILITY = YES;
				GCC_C_LANGUAGE_STANDARD = gnu11;
				GCC_DYNAMIC_NO_PIC = NO;
				GCC_NO_COMMON_BLOCKS = YES;
				GCC_OPTIMIZATION_LEVEL = 0;
				GCC_PREPROCESSOR_DEFINITIONS = (
					"DEBUG=1",
					"$(inherited)",
				);
				GCC_WARN_64_TO_32_BIT_CONVERSION = YES;
				GCC_WARN_ABOUT_RETURN_TYPE = YES_ERROR;
				GCC_WARN_UNDECLARED_SELECTOR = YES;
				GCC_WARN_UNINITIALIZED_AUTOS = YES_AGGRESSIVE;
				GCC_WARN_UNUSED_FUNCTION = YES;
				GCC_WARN_UNUSED_VARIABLE = YES;
				IPHONEOS_DEPLOYMENT_TARGET = 11.3;
				MTL_ENABLE_DEBUG_INFO = YES;
				ONLY_ACTIVE_ARCH = YES;
				SDKROOT = iphoneos;
				SWIFT_ACTIVE_COMPILATION_CONDITIONS = DEBUG;
				SWIFT_OPTIMIZATION_LEVEL = "-Onone";
			};
			name = Debug;
		};
		4D04781F2095023900E89744 /* Release */ = {
			isa = XCBuildConfiguration;
			buildSettings = {
				ALWAYS_SEARCH_USER_PATHS = NO;
				CLANG_ANALYZER_NONNULL = YES;
				CLANG_ANALYZER_NUMBER_OBJECT_CONVERSION = YES_AGGRESSIVE;
				CLANG_CXX_LANGUAGE_STANDARD = "gnu++14";
				CLANG_CXX_LIBRARY = "libc++";
				CLANG_ENABLE_MODULES = YES;
				CLANG_ENABLE_OBJC_ARC = YES;
				CLANG_ENABLE_OBJC_WEAK = YES;
				CLANG_WARN_BLOCK_CAPTURE_AUTORELEASING = YES;
				CLANG_WARN_BOOL_CONVERSION = YES;
				CLANG_WARN_COMMA = YES;
				CLANG_WARN_CONSTANT_CONVERSION = YES;
				CLANG_WARN_DEPRECATED_OBJC_IMPLEMENTATIONS = YES;
				CLANG_WARN_DIRECT_OBJC_ISA_USAGE = YES_ERROR;
				CLANG_WARN_DOCUMENTATION_COMMENTS = YES;
				CLANG_WARN_EMPTY_BODY = YES;
				CLANG_WARN_ENUM_CONVERSION = YES;
				CLANG_WARN_INFINITE_RECURSION = YES;
				CLANG_WARN_INT_CONVERSION = YES;
				CLANG_WARN_NON_LITERAL_NULL_CONVERSION = YES;
				CLANG_WARN_OBJC_IMPLICIT_RETAIN_SELF = YES;
				CLANG_WARN_OBJC_LITERAL_CONVERSION = YES;
				CLANG_WARN_OBJC_ROOT_CLASS = YES_ERROR;
				CLANG_WARN_RANGE_LOOP_ANALYSIS = YES;
				CLANG_WARN_STRICT_PROTOTYPES = YES;
				CLANG_WARN_SUSPICIOUS_MOVE = YES;
				CLANG_WARN_UNGUARDED_AVAILABILITY = YES_AGGRESSIVE;
				CLANG_WARN_UNREACHABLE_CODE = YES;
				CLANG_WARN__DUPLICATE_METHOD_MATCH = YES;
				CODE_SIGN_IDENTITY = "iPhone Developer";
				COPY_PHASE_STRIP = NO;
				DEBUG_INFORMATION_FORMAT = "dwarf-with-dsym";
				ENABLE_NS_ASSERTIONS = NO;
				ENABLE_STRICT_OBJC_MSGSEND = YES;
				GCC_C_LANGUAGE_STANDARD = gnu11;
				GCC_NO_COMMON_BLOCKS = YES;
				GCC_WARN_64_TO_32_BIT_CONVERSION = YES;
				GCC_WARN_ABOUT_RETURN_TYPE = YES_ERROR;
				GCC_WARN_UNDECLARED_SELECTOR = YES;
				GCC_WARN_UNINITIALIZED_AUTOS = YES_AGGRESSIVE;
				GCC_WARN_UNUSED_FUNCTION = YES;
				GCC_WARN_UNUSED_VARIABLE = YES;
				IPHONEOS_DEPLOYMENT_TARGET = 11.3;
				MTL_ENABLE_DEBUG_INFO = NO;
				SDKROOT = iphoneos;
				SWIFT_COMPILATION_MODE = wholemodule;
				SWIFT_OPTIMIZATION_LEVEL = "-O";
				VALIDATE_PRODUCT = YES;
			};
			name = Release;
		};
		4D0478212095023900E89744 /* Debug */ = {
			isa = XCBuildConfiguration;
			baseConfigurationReference = 0D6895F4C38E2A423F31ABC5 /* Pods-CodeChallenge.debug.xcconfig */;
			buildSettings = {
				ASSETCATALOG_COMPILER_APPICON_NAME = AppIcon;
				CODE_SIGN_STYLE = Automatic;
				DEVELOPMENT_TEAM = 57B8H4VJ56;
				INFOPLIST_FILE = CodeChallenge/Info.plist;
				LD_RUNPATH_SEARCH_PATHS = "$(inherited) @executable_path/Frameworks";
				PRODUCT_BUNDLE_IDENTIFIER = com.kemin.CodeChallenge;
				PRODUCT_NAME = "$(TARGET_NAME)";
				SWIFT_VERSION = 4.0;
				TARGETED_DEVICE_FAMILY = "1,2";
			};
			name = Debug;
		};
		4D0478222095023900E89744 /* Release */ = {
			isa = XCBuildConfiguration;
			baseConfigurationReference = C276AF2C2C4071046B75BFDC /* Pods-CodeChallenge.release.xcconfig */;
			buildSettings = {
				ASSETCATALOG_COMPILER_APPICON_NAME = AppIcon;
				CODE_SIGN_STYLE = Automatic;
				DEVELOPMENT_TEAM = 57B8H4VJ56;
				INFOPLIST_FILE = CodeChallenge/Info.plist;
				LD_RUNPATH_SEARCH_PATHS = "$(inherited) @executable_path/Frameworks";
				PRODUCT_BUNDLE_IDENTIFIER = com.kemin.CodeChallenge;
				PRODUCT_NAME = "$(TARGET_NAME)";
				SWIFT_VERSION = 4.0;
				TARGETED_DEVICE_FAMILY = "1,2";
			};
			name = Release;
		};
/* End XCBuildConfiguration section */

/* Begin XCConfigurationList section */
		4D0478092095023800E89744 /* Build configuration list for PBXProject "CodeChallenge" */ = {
			isa = XCConfigurationList;
			buildConfigurations = (
				4D04781E2095023900E89744 /* Debug */,
				4D04781F2095023900E89744 /* Release */,
			);
			defaultConfigurationIsVisible = 0;
			defaultConfigurationName = Release;
		};
		4D0478202095023900E89744 /* Build configuration list for PBXNativeTarget "CodeChallenge" */ = {
			isa = XCConfigurationList;
			buildConfigurations = (
				4D0478212095023900E89744 /* Debug */,
				4D0478222095023900E89744 /* Release */,
			);
			defaultConfigurationIsVisible = 0;
			defaultConfigurationName = Release;
		};
/* End XCConfigurationList section */
	};
	rootObject = 4D0478062095023800E89744 /* Project object */;
}
